// !$*UTF8*$!
{
	archiveVersion = 1;
	classes = {
	};
	objectVersion = 55;
	objects = {

/* Begin PBXBuildFile section */
		880E348B2708723F00E67BF6 /* HistoryView.swift in Sources */ = {isa = PBXBuildFile; fileRef = 880E348A2708723F00E67BF6 /* HistoryView.swift */; };
		885CCCF42706F780001428EA /* MeetingHeaderView.swift in Sources */ = {isa = PBXBuildFile; fileRef = 885CCCF32706F780001428EA /* MeetingHeaderView.swift */; };
		885CCCF62706FAFB001428EA /* ScrumProgressViewStyle.swift in Sources */ = {isa = PBXBuildFile; fileRef = 885CCCF52706FAFB001428EA /* ScrumProgressViewStyle.swift */; };
		885CCCF82706FCEB001428EA /* ScrumTimer.swift in Sources */ = {isa = PBXBuildFile; fileRef = 885CCCF72706FCEB001428EA /* ScrumTimer.swift */; };
		885CCCFA2706FEBD001428EA /* MeetingFooterView.swift in Sources */ = {isa = PBXBuildFile; fileRef = 885CCCF92706FEBD001428EA /* MeetingFooterView.swift */; };
		885CCCFC27070219001428EA /* AVPlayer+Ding.swift in Sources */ = {isa = PBXBuildFile; fileRef = 885CCCFB27070219001428EA /* AVPlayer+Ding.swift */; };
		885CCCFF27070258001428EA /* ding.wav in Resources */ = {isa = PBXBuildFile; fileRef = 885CCCFE27070258001428EA /* ding.wav */; };
		885CCD0127073F14001428EA /* History.swift in Sources */ = {isa = PBXBuildFile; fileRef = 885CCD0027073F14001428EA /* History.swift */; };
		885CCD032707447F001428EA /* ScrumData.swift in Sources */ = {isa = PBXBuildFile; fileRef = 885CCD022707447F001428EA /* ScrumData.swift */; };
		885CCD052707521F001428EA /* MeetingTimerView.swift in Sources */ = {isa = PBXBuildFile; fileRef = 885CCD042707521F001428EA /* MeetingTimerView.swift */; };
		885CCD07270788A5001428EA /* SpeechRecognizer.swift in Sources */ = {isa = PBXBuildFile; fileRef = 885CCD06270788A5001428EA /* SpeechRecognizer.swift */; };
		889DCE332705AE2A0090A018 /* ScrumdingerApp.swift in Sources */ = {isa = PBXBuildFile; fileRef = 889DCE322705AE2A0090A018 /* ScrumdingerApp.swift */; };
		889DCE352705AE2A0090A018 /* MeetingView.swift in Sources */ = {isa = PBXBuildFile; fileRef = 889DCE342705AE2A0090A018 /* MeetingView.swift */; };
		889DCE372705AE2B0090A018 /* Assets.xcassets in Resources */ = {isa = PBXBuildFile; fileRef = 889DCE362705AE2B0090A018 /* Assets.xcassets */; };
		889DCE3A2705AE2B0090A018 /* Preview Assets.xcassets in Resources */ = {isa = PBXBuildFile; fileRef = 889DCE392705AE2B0090A018 /* Preview Assets.xcassets */; };
		889DCE422705BFE70090A018 /* DailyScrum.swift in Sources */ = {isa = PBXBuildFile; fileRef = 889DCE412705BFE70090A018 /* DailyScrum.swift */; };
		889DCE442705C1740090A018 /* CardView.swift in Sources */ = {isa = PBXBuildFile; fileRef = 889DCE432705C1740090A018 /* CardView.swift */; };
		889DCE462705C3930090A018 /* Color+Codable.swift in Sources */ = {isa = PBXBuildFile; fileRef = 889DCE452705C3930090A018 /* Color+Codable.swift */; };
		889DCE492705C81C0090A018 /* ScrumsView.swift in Sources */ = {isa = PBXBuildFile; fileRef = 889DCE482705C81C0090A018 /* ScrumsView.swift */; };
		889DCE4B2705D3750090A018 /* DetailView.swift in Sources */ = {isa = PBXBuildFile; fileRef = 889DCE4A2705D3750090A018 /* DetailView.swift */; };
		889DCE4D2705DC650090A018 /* EditView.swift in Sources */ = {isa = PBXBuildFile; fileRef = 889DCE4C2705DC650090A018 /* EditView.swift */; };
/* End PBXBuildFile section */

/* Begin PBXFileReference section */
		880E348A2708723F00E67BF6 /* HistoryView.swift */ = {isa = PBXFileReference; lastKnownFileType = sourcecode.swift; path = HistoryView.swift; sourceTree = "<group>"; };
		885CCCF32706F780001428EA /* MeetingHeaderView.swift */ = {isa = PBXFileReference; lastKnownFileType = sourcecode.swift; path = MeetingHeaderView.swift; sourceTree = "<group>"; };
		885CCCF52706FAFB001428EA /* ScrumProgressViewStyle.swift */ = {isa = PBXFileReference; lastKnownFileType = sourcecode.swift; path = ScrumProgressViewStyle.swift; sourceTree = "<group>"; };
		885CCCF72706FCEB001428EA /* ScrumTimer.swift */ = {isa = PBXFileReference; lastKnownFileType = sourcecode.swift; path = ScrumTimer.swift; sourceTree = "<group>"; };
		885CCCF92706FEBD001428EA /* MeetingFooterView.swift */ = {isa = PBXFileReference; lastKnownFileType = sourcecode.swift; path = MeetingFooterView.swift; sourceTree = "<group>"; };
		885CCCFB27070219001428EA /* AVPlayer+Ding.swift */ = {isa = PBXFileReference; lastKnownFileType = sourcecode.swift; path = "AVPlayer+Ding.swift"; sourceTree = "<group>"; };
		885CCCFE27070258001428EA /* ding.wav */ = {isa = PBXFileReference; lastKnownFileType = audio.wav; path = ding.wav; sourceTree = "<group>"; };
		885CCD0027073F14001428EA /* History.swift */ = {isa = PBXFileReference; lastKnownFileType = sourcecode.swift; path = History.swift; sourceTree = "<group>"; };
		885CCD022707447F001428EA /* ScrumData.swift */ = {isa = PBXFileReference; lastKnownFileType = sourcecode.swift; path = ScrumData.swift; sourceTree = "<group>"; };
		885CCD042707521F001428EA /* MeetingTimerView.swift */ = {isa = PBXFileReference; lastKnownFileType = sourcecode.swift; path = MeetingTimerView.swift; sourceTree = "<group>"; };
		885CCD06270788A5001428EA /* SpeechRecognizer.swift */ = {isa = PBXFileReference; lastKnownFileType = sourcecode.swift; path = SpeechRecognizer.swift; sourceTree = "<group>"; };
		889DCE2F2705AE2A0090A018 /* Scrumdinger.app */ = {isa = PBXFileReference; explicitFileType = wrapper.application; includeInIndex = 0; path = Scrumdinger.app; sourceTree = BUILT_PRODUCTS_DIR; };
		889DCE322705AE2A0090A018 /* ScrumdingerApp.swift */ = {isa = PBXFileReference; lastKnownFileType = sourcecode.swift; path = ScrumdingerApp.swift; sourceTree = "<group>"; };
		889DCE342705AE2A0090A018 /* MeetingView.swift */ = {isa = PBXFileReference; lastKnownFileType = sourcecode.swift; path = MeetingView.swift; sourceTree = "<group>"; };
		889DCE362705AE2B0090A018 /* Assets.xcassets */ = {isa = PBXFileReference; lastKnownFileType = folder.assetcatalog; path = Assets.xcassets; sourceTree = "<group>"; };
		889DCE392705AE2B0090A018 /* Preview Assets.xcassets */ = {isa = PBXFileReference; lastKnownFileType = folder.assetcatalog; path = "Preview Assets.xcassets"; sourceTree = "<group>"; };
		889DCE412705BFE70090A018 /* DailyScrum.swift */ = {isa = PBXFileReference; lastKnownFileType = sourcecode.swift; path = DailyScrum.swift; sourceTree = "<group>"; };
		889DCE432705C1740090A018 /* CardView.swift */ = {isa = PBXFileReference; lastKnownFileType = sourcecode.swift; path = CardView.swift; sourceTree = "<group>"; };
		889DCE452705C3930090A018 /* Color+Codable.swift */ = {isa = PBXFileReference; lastKnownFileType = sourcecode.swift; path = "Color+Codable.swift"; sourceTree = "<group>"; };
		889DCE482705C81C0090A018 /* ScrumsView.swift */ = {isa = PBXFileReference; lastKnownFileType = sourcecode.swift; path = ScrumsView.swift; sourceTree = "<group>"; };
		889DCE4A2705D3750090A018 /* DetailView.swift */ = {isa = PBXFileReference; lastKnownFileType = sourcecode.swift; path = DetailView.swift; sourceTree = "<group>"; };
		889DCE4C2705DC650090A018 /* EditView.swift */ = {isa = PBXFileReference; lastKnownFileType = sourcecode.swift; path = EditView.swift; sourceTree = "<group>"; };
/* End PBXFileReference section */

/* Begin PBXFrameworksBuildPhase section */
		889DCE2C2705AE2A0090A018 /* Frameworks */ = {
			isa = PBXFrameworksBuildPhase;
			buildActionMask = 2147483647;
			files = (
			);
			runOnlyForDeploymentPostprocessing = 0;
		};
/* End PBXFrameworksBuildPhase section */

/* Begin PBXGroup section */
		885CCCFD27070241001428EA /* Resources */ = {
			isa = PBXGroup;
			children = (
				885CCCFE27070258001428EA /* ding.wav */,
			);
			path = Resources;
			sourceTree = "<group>";
		};
		889DCE262705AE2A0090A018 = {
			isa = PBXGroup;
			children = (
				889DCE312705AE2A0090A018 /* Scrumdinger */,
				889DCE302705AE2A0090A018 /* Products */,
			);
			sourceTree = "<group>";
		};
		889DCE302705AE2A0090A018 /* Products */ = {
			isa = PBXGroup;
			children = (
				889DCE2F2705AE2A0090A018 /* Scrumdinger.app */,
			);
			name = Products;
			sourceTree = "<group>";
		};
		889DCE312705AE2A0090A018 /* Scrumdinger */ = {
			isa = PBXGroup;
			children = (
				889DCE322705AE2A0090A018 /* ScrumdingerApp.swift */,
				889DCE472705C8100090A018 /* Views */,
				889DCE402705BFCB0090A018 /* Models */,
				885CCCFD27070241001428EA /* Resources */,
				889DCE362705AE2B0090A018 /* Assets.xcassets */,
				889DCE382705AE2B0090A018 /* Preview Content */,
			);
			path = Scrumdinger;
			sourceTree = "<group>";
		};
		889DCE382705AE2B0090A018 /* Preview Content */ = {
			isa = PBXGroup;
			children = (
				889DCE392705AE2B0090A018 /* Preview Assets.xcassets */,
			);
			path = "Preview Content";
			sourceTree = "<group>";
		};
		889DCE402705BFCB0090A018 /* Models */ = {
			isa = PBXGroup;
			children = (
				889DCE412705BFE70090A018 /* DailyScrum.swift */,
				889DCE452705C3930090A018 /* Color+Codable.swift */,
				885CCCF72706FCEB001428EA /* ScrumTimer.swift */,
				885CCCFB27070219001428EA /* AVPlayer+Ding.swift */,
				885CCD0027073F14001428EA /* History.swift */,
				885CCD022707447F001428EA /* ScrumData.swift */,
				885CCD06270788A5001428EA /* SpeechRecognizer.swift */,
			);
			path = Models;
			sourceTree = "<group>";
		};
		889DCE472705C8100090A018 /* Views */ = {
			isa = PBXGroup;
			children = (
				889DCE432705C1740090A018 /* CardView.swift */,
				889DCE482705C81C0090A018 /* ScrumsView.swift */,
				889DCE4A2705D3750090A018 /* DetailView.swift */,
				889DCE4C2705DC650090A018 /* EditView.swift */,
				889DCE342705AE2A0090A018 /* MeetingView.swift */,
				885CCCF32706F780001428EA /* MeetingHeaderView.swift */,
				885CCCF92706FEBD001428EA /* MeetingFooterView.swift */,
				885CCD042707521F001428EA /* MeetingTimerView.swift */,
				885CCCF52706FAFB001428EA /* ScrumProgressViewStyle.swift */,
				880E348A2708723F00E67BF6 /* HistoryView.swift */,
			);
			path = Views;
			sourceTree = "<group>";
		};
/* End PBXGroup section */

/* Begin PBXNativeTarget section */
		889DCE2E2705AE2A0090A018 /* Scrumdinger */ = {
			isa = PBXNativeTarget;
			buildConfigurationList = 889DCE3D2705AE2B0090A018 /* Build configuration list for PBXNativeTarget "Scrumdinger" */;
			buildPhases = (
				889DCE2B2705AE2A0090A018 /* Sources */,
				889DCE2C2705AE2A0090A018 /* Frameworks */,
				889DCE2D2705AE2A0090A018 /* Resources */,
			);
			buildRules = (
			);
			dependencies = (
			);
			name = Scrumdinger;
			productName = Scrumdinger;
			productReference = 889DCE2F2705AE2A0090A018 /* Scrumdinger.app */;
			productType = "com.apple.product-type.application";
		};
/* End PBXNativeTarget section */

/* Begin PBXProject section */
		889DCE272705AE2A0090A018 /* Project object */ = {
			isa = PBXProject;
			attributes = {
				BuildIndependentTargetsInParallel = 1;
				LastSwiftUpdateCheck = 1300;
				LastUpgradeCheck = 1300;
				TargetAttributes = {
					889DCE2E2705AE2A0090A018 = {
						CreatedOnToolsVersion = 13.0;
					};
				};
			};
			buildConfigurationList = 889DCE2A2705AE2A0090A018 /* Build configuration list for PBXProject "Scrumdinger" */;
			compatibilityVersion = "Xcode 13.0";
			developmentRegion = en;
			hasScannedForEncodings = 0;
			knownRegions = (
				en,
				Base,
			);
			mainGroup = 889DCE262705AE2A0090A018;
			productRefGroup = 889DCE302705AE2A0090A018 /* Products */;
			projectDirPath = "";
			projectRoot = "";
			targets = (
				889DCE2E2705AE2A0090A018 /* Scrumdinger */,
			);
		};
/* End PBXProject section */

/* Begin PBXResourcesBuildPhase section */
		889DCE2D2705AE2A0090A018 /* Resources */ = {
			isa = PBXResourcesBuildPhase;
			buildActionMask = 2147483647;
			files = (
				885CCCFF27070258001428EA /* ding.wav in Resources */,
				889DCE3A2705AE2B0090A018 /* Preview Assets.xcassets in Resources */,
				889DCE372705AE2B0090A018 /* Assets.xcassets in Resources */,
			);
			runOnlyForDeploymentPostprocessing = 0;
		};
/* End PBXResourcesBuildPhase section */

/* Begin PBXSourcesBuildPhase section */
		889DCE2B2705AE2A0090A018 /* Sources */ = {
			isa = PBXSourcesBuildPhase;
			buildActionMask = 2147483647;
			files = (
				889DCE352705AE2A0090A018 /* MeetingView.swift in Sources */,
				889DCE492705C81C0090A018 /* ScrumsView.swift in Sources */,
				885CCD0127073F14001428EA /* History.swift in Sources */,
				885CCD07270788A5001428EA /* SpeechRecognizer.swift in Sources */,
				889DCE4D2705DC650090A018 /* EditView.swift in Sources */,
				885CCCFC27070219001428EA /* AVPlayer+Ding.swift in Sources */,
				885CCD032707447F001428EA /* ScrumData.swift in Sources */,
				880E348B2708723F00E67BF6 /* HistoryView.swift in Sources */,
				885CCD052707521F001428EA /* MeetingTimerView.swift in Sources */,
				885CCCF42706F780001428EA /* MeetingHeaderView.swift in Sources */,
				889DCE422705BFE70090A018 /* DailyScrum.swift in Sources */,
				885CCCFA2706FEBD001428EA /* MeetingFooterView.swift in Sources */,
				889DCE4B2705D3750090A018 /* DetailView.swift in Sources */,
				885CCCF82706FCEB001428EA /* ScrumTimer.swift in Sources */,
				889DCE442705C1740090A018 /* CardView.swift in Sources */,
				889DCE462705C3930090A018 /* Color+Codable.swift in Sources */,
				885CCCF62706FAFB001428EA /* ScrumProgressViewStyle.swift in Sources */,
				889DCE332705AE2A0090A018 /* ScrumdingerApp.swift in Sources */,
			);
			runOnlyForDeploymentPostprocessing = 0;
		};
/* End PBXSourcesBuildPhase section */

/* Begin XCBuildConfiguration section */
		889DCE3B2705AE2B0090A018 /* Debug */ = {
			isa = XCBuildConfiguration;
			buildSettings = {
				ALWAYS_SEARCH_USER_PATHS = NO;
				CLANG_ANALYZER_NONNULL = YES;
				CLANG_ANALYZER_NUMBER_OBJECT_CONVERSION = YES_AGGRESSIVE;
				CLANG_CXX_LANGUAGE_STANDARD = "gnu++17";
				CLANG_CXX_LIBRARY = "libc++";
				CLANG_ENABLE_MODULES = YES;
				CLANG_ENABLE_OBJC_ARC = YES;
				CLANG_ENABLE_OBJC_WEAK = YES;
				CLANG_WARN_BLOCK_CAPTURE_AUTORELEASING = YES;
				CLANG_WARN_BOOL_CONVERSION = YES;
				CLANG_WARN_COMMA = YES;
				CLANG_WARN_CONSTANT_CONVERSION = YES;
				CLANG_WARN_DEPRECATED_OBJC_IMPLEMENTATIONS = YES;
				CLANG_WARN_DIRECT_OBJC_ISA_USAGE = YES_ERROR;
				CLANG_WARN_DOCUMENTATION_COMMENTS = YES;
				CLANG_WARN_EMPTY_BODY = YES;
				CLANG_WARN_ENUM_CONVERSION = YES;
				CLANG_WARN_INFINITE_RECURSION = YES;
				CLANG_WARN_INT_CONVERSION = YES;
				CLANG_WARN_NON_LITERAL_NULL_CONVERSION = YES;
				CLANG_WARN_OBJC_IMPLICIT_RETAIN_SELF = YES;
				CLANG_WARN_OBJC_LITERAL_CONVERSION = YES;
				CLANG_WARN_OBJC_ROOT_CLASS = YES_ERROR;
				CLANG_WARN_QUOTED_INCLUDE_IN_FRAMEWORK_HEADER = YES;
				CLANG_WARN_RANGE_LOOP_ANALYSIS = YES;
				CLANG_WARN_STRICT_PROTOTYPES = YES;
				CLANG_WARN_SUSPICIOUS_MOVE = YES;
				CLANG_WARN_UNGUARDED_AVAILABILITY = YES_AGGRESSIVE;
				CLANG_WARN_UNREACHABLE_CODE = YES;
				CLANG_WARN__DUPLICATE_METHOD_MATCH = YES;
				COPY_PHASE_STRIP = NO;
				DEBUG_INFORMATION_FORMAT = dwarf;
				ENABLE_STRICT_OBJC_MSGSEND = YES;
				ENABLE_TESTABILITY = YES;
				GCC_C_LANGUAGE_STANDARD = gnu11;
				GCC_DYNAMIC_NO_PIC = NO;
				GCC_NO_COMMON_BLOCKS = YES;
				GCC_OPTIMIZATION_LEVEL = 0;
				GCC_PREPROCESSOR_DEFINITIONS = (
					"DEBUG=1",
					"$(inherited)",
				);
				GCC_WARN_64_TO_32_BIT_CONVERSION = YES;
				GCC_WARN_ABOUT_RETURN_TYPE = YES_ERROR;
				GCC_WARN_UNDECLARED_SELECTOR = YES;
				GCC_WARN_UNINITIALIZED_AUTOS = YES_AGGRESSIVE;
				GCC_WARN_UNUSED_FUNCTION = YES;
				GCC_WARN_UNUSED_VARIABLE = YES;
				IPHONEOS_DEPLOYMENT_TARGET = 15.0;
				MTL_ENABLE_DEBUG_INFO = INCLUDE_SOURCE;
				MTL_FAST_MATH = YES;
				ONLY_ACTIVE_ARCH = YES;
				SDKROOT = iphoneos;
				SWIFT_ACTIVE_COMPILATION_CONDITIONS = DEBUG;
				SWIFT_OPTIMIZATION_LEVEL = "-Onone";
			};
			name = Debug;
		};
		889DCE3C2705AE2B0090A018 /* Release */ = {
			isa = XCBuildConfiguration;
			buildSettings = {
				ALWAYS_SEARCH_USER_PATHS = NO;
				CLANG_ANALYZER_NONNULL = YES;
				CLANG_ANALYZER_NUMBER_OBJECT_CONVERSION = YES_AGGRESSIVE;
				CLANG_CXX_LANGUAGE_STANDARD = "gnu++17";
				CLANG_CXX_LIBRARY = "libc++";
				CLANG_ENABLE_MODULES = YES;
				CLANG_ENABLE_OBJC_ARC = YES;
				CLANG_ENABLE_OBJC_WEAK = YES;
				CLANG_WARN_BLOCK_CAPTURE_AUTORELEASING = YES;
				CLANG_WARN_BOOL_CONVERSION = YES;
				CLANG_WARN_COMMA = YES;
				CLANG_WARN_CONSTANT_CONVERSION = YES;
				CLANG_WARN_DEPRECATED_OBJC_IMPLEMENTATIONS = YES;
				CLANG_WARN_DIRECT_OBJC_ISA_USAGE = YES_ERROR;
				CLANG_WARN_DOCUMENTATION_COMMENTS = YES;
				CLANG_WARN_EMPTY_BODY = YES;
				CLANG_WARN_ENUM_CONVERSION = YES;
				CLANG_WARN_INFINITE_RECURSION = YES;
				CLANG_WARN_INT_CONVERSION = YES;
				CLANG_WARN_NON_LITERAL_NULL_CONVERSION = YES;
				CLANG_WARN_OBJC_IMPLICIT_RETAIN_SELF = YES;
				CLANG_WARN_OBJC_LITERAL_CONVERSION = YES;
				CLANG_WARN_OBJC_ROOT_CLASS = YES_ERROR;
				CLANG_WARN_QUOTED_INCLUDE_IN_FRAMEWORK_HEADER = YES;
				CLANG_WARN_RANGE_LOOP_ANALYSIS = YES;
				CLANG_WARN_STRICT_PROTOTYPES = YES;
				CLANG_WARN_SUSPICIOUS_MOVE = YES;
				CLANG_WARN_UNGUARDED_AVAILABILITY = YES_AGGRESSIVE;
				CLANG_WARN_UNREACHABLE_CODE = YES;
				CLANG_WARN__DUPLICATE_METHOD_MATCH = YES;
				COPY_PHASE_STRIP = NO;
				DEBUG_INFORMATION_FORMAT = "dwarf-with-dsym";
				ENABLE_NS_ASSERTIONS = NO;
				ENABLE_STRICT_OBJC_MSGSEND = YES;
				GCC_C_LANGUAGE_STANDARD = gnu11;
				GCC_NO_COMMON_BLOCKS = YES;
				GCC_WARN_64_TO_32_BIT_CONVERSION = YES;
				GCC_WARN_ABOUT_RETURN_TYPE = YES_ERROR;
				GCC_WARN_UNDECLARED_SELECTOR = YES;
				GCC_WARN_UNINITIALIZED_AUTOS = YES_AGGRESSIVE;
				GCC_WARN_UNUSED_FUNCTION = YES;
				GCC_WARN_UNUSED_VARIABLE = YES;
				IPHONEOS_DEPLOYMENT_TARGET = 15.0;
				MTL_ENABLE_DEBUG_INFO = NO;
				MTL_FAST_MATH = YES;
				SDKROOT = iphoneos;
				SWIFT_COMPILATION_MODE = wholemodule;
				SWIFT_OPTIMIZATION_LEVEL = "-O";
				VALIDATE_PRODUCT = YES;
			};
			name = Release;
		};
		889DCE3E2705AE2B0090A018 /* Debug */ = {
			isa = XCBuildConfiguration;
			buildSettings = {
				ASSETCATALOG_COMPILER_APPICON_NAME = AppIcon;
				ASSETCATALOG_COMPILER_GLOBAL_ACCENT_COLOR_NAME = AccentColor;
				CODE_SIGN_STYLE = Automatic;
				CURRENT_PROJECT_VERSION = 1;
				DEVELOPMENT_ASSET_PATHS = "\"Scrumdinger/Preview Content\"";
				DEVELOPMENT_TEAM = 238CXC7DZ6;
				ENABLE_PREVIEWS = YES;
				GENERATE_INFOPLIST_FILE = YES;
				INFOPLIST_KEY_NSMicrophoneUsageDescription = "Audio is recorded to transcribe the meeting. Audio recordings are discarded after transcription.";
				INFOPLIST_KEY_NSSpeechRecognitionUsageDescription = "You can view a text transcription of your meeting in the app.";
				INFOPLIST_KEY_UIApplicationSceneManifest_Generation = YES;
				INFOPLIST_KEY_UIApplicationSupportsIndirectInputEvents = YES;
				INFOPLIST_KEY_UILaunchScreen_Generation = YES;
				INFOPLIST_KEY_UISupportedInterfaceOrientations_iPad = "UIInterfaceOrientationPortrait UIInterfaceOrientationPortraitUpsideDown UIInterfaceOrientationLandscapeLeft UIInterfaceOrientationLandscapeRight";
				INFOPLIST_KEY_UISupportedInterfaceOrientations_iPhone = "UIInterfaceOrientationPortrait UIInterfaceOrientationLandscapeLeft UIInterfaceOrientationLandscapeRight";
				IPHONEOS_DEPLOYMENT_TARGET = 14.0;
				LD_RUNPATH_SEARCH_PATHS = (
					"$(inherited)",
					"@executable_path/Frameworks",
				);
				MARKETING_VERSION = 1.0;
				PRODUCT_BUNDLE_IDENTIFIER = com.yusufcaglar.Scrumdinger;
				PRODUCT_NAME = "$(TARGET_NAME)";
				SWIFT_EMIT_LOC_STRINGS = YES;
				SWIFT_VERSION = 5.0;
				TARGETED_DEVICE_FAMILY = "1,2";
			};
			name = Debug;
		};
		889DCE3F2705AE2B0090A018 /* Release */ = {
			isa = XCBuildConfiguration;
			buildSettings = {
				ASSETCATALOG_COMPILER_APPICON_NAME = AppIcon;
				ASSETCATALOG_COMPILER_GLOBAL_ACCENT_COLOR_NAME = AccentColor;
				CODE_SIGN_STYLE = Automatic;
				CURRENT_PROJECT_VERSION = 1;
				DEVELOPMENT_ASSET_PATHS = "\"Scrumdinger/Preview Content\"";
				DEVELOPMENT_TEAM = 238CXC7DZ6;
				ENABLE_PREVIEWS = YES;
				GENERATE_INFOPLIST_FILE = YES;
				INFOPLIST_KEY_NSMicrophoneUsageDescription = "Audio is recorded to transcribe the meeting. Audio recordings are discarded after transcription.";
				INFOPLIST_KEY_NSSpeechRecognitionUsageDescription = "You can view a text transcription of your meeting in the app.";
				INFOPLIST_KEY_UIApplicationSceneManifest_Generation = YES;
				INFOPLIST_KEY_UIApplicationSupportsIndirectInputEvents = YES;
				INFOPLIST_KEY_UILaunchScreen_Generation = YES;
				INFOPLIST_KEY_UISupportedInterfaceOrientations_iPad = "UIInterfaceOrientationPortrait UIInterfaceOrientationPortraitUpsideDown UIInterfaceOrientationLandscapeLeft UIInterfaceOrientationLandscapeRight";
				INFOPLIST_KEY_UISupportedInterfaceOrientations_iPhone = "UIInterfaceOrientationPortrait UIInterfaceOrientationLandscapeLeft UIInterfaceOrientationLandscapeRight";
				IPHONEOS_DEPLOYMENT_TARGET = 14.0;
				LD_RUNPATH_SEARCH_PATHS = (
					"$(inherited)",
					"@executable_path/Frameworks",
				);
				MARKETING_VERSION = 1.0;
				PRODUCT_BUNDLE_IDENTIFIER = com.yusufcaglar.Scrumdinger;
				PRODUCT_NAME = "$(TARGET_NAME)";
				SWIFT_EMIT_LOC_STRINGS = YES;
				SWIFT_VERSION = 5.0;
				TARGETED_DEVICE_FAMILY = "1,2";
			};
			name = Release;
		};
/* End XCBuildConfiguration section */

/* Begin XCConfigurationList section */
		889DCE2A2705AE2A0090A018 /* Build configuration list for PBXProject "Scrumdinger" */ = {
			isa = XCConfigurationList;
			buildConfigurations = (
				889DCE3B2705AE2B0090A018 /* Debug */,
				889DCE3C2705AE2B0090A018 /* Release */,
			);
			defaultConfigurationIsVisible = 0;
			defaultConfigurationName = Release;
		};
		889DCE3D2705AE2B0090A018 /* Build configuration list for PBXNativeTarget "Scrumdinger" */ = {
			isa = XCConfigurationList;
			buildConfigurations = (
				889DCE3E2705AE2B0090A018 /* Debug */,
				889DCE3F2705AE2B0090A018 /* Release */,
			);
			defaultConfigurationIsVisible = 0;
			defaultConfigurationName = Release;
		};
/* End XCConfigurationList section */
	};
	rootObject = 889DCE272705AE2A0090A018 /* Project object */;
}
